
Microsoft Visual Studio Solution File, Format Version 12.00
# Visual Studio 15
VisualStudioVersion = 15.0.27703.2035
MinimumVisualStudioVersion = 10.0.40219.1
Project("{FAE04EC0-301F-11D3-BF4B-00C04F79EFBC}") = "WebUI", "WebUI\WebUI.csproj", "{69BAE536-90FF-4A8A-922C-5D37839954F4}"
EndProject
Project("{FAE04EC0-301F-11D3-BF4B-00C04F79EFBC}") = "RealtimeDatabase", "RealtimeDatabase\RealtimeDatabase.csproj", "{6BA035A1-0BD9-4062-9E1C-93E55699403F}"
EndProject
Global
	GlobalSection(SolutionConfigurationPlatforms) = preSolution
		Debug|Any CPU = Debug|Any CPU
		Release|Any CPU = Release|Any CPU
	EndGlobalSection
	GlobalSection(ProjectConfigurationPlatforms) = postSolution
		{69BAE536-90FF-4A8A-922C-5D37839954F4}.Debug|Any CPU.ActiveCfg = Debug|Any CPU
		{69BAE536-90FF-4A8A-922C-5D37839954F4}.Debug|Any CPU.Build.0 = Debug|Any CPU
		{69BAE536-90FF-4A8A-922C-5D37839954F4}.Release|Any CPU.ActiveCfg = Release|Any CPU
		{69BAE536-90FF-4A8A-922C-5D37839954F4}.Release|Any CPU.Build.0 = Release|Any CPU
		{6BA035A1-0BD9-4062-9E1C-93E55699403F}.Debug|Any CPU.ActiveCfg = Debug|Any CPU
		{6BA035A1-0BD9-4062-9E1C-93E55699403F}.Debug|Any CPU.Build.0 = Debug|Any CPU
		{6BA035A1-0BD9-4062-9E1C-93E55699403F}.Release|Any CPU.ActiveCfg = Release|Any CPU
		{6BA035A1-0BD9-4062-9E1C-93E55699403F}.Release|Any CPU.Build.0 = Release|Any CPU
	EndGlobalSection
	GlobalSection(SolutionProperties) = preSolution
		HideSolutionNode = FALSE
	EndGlobalSection
	GlobalSection(ExtensibilityGlobals) = postSolution
		SolutionGuid = {6628A475-FB40-4536-8FB2-3D964D580C86}
	EndGlobalSection
EndGlobal
